
Microsoft Visual Studio Solution File, Format Version 12.00
# Visual Studio 15
VisualStudioVersion = 15.0.27703.2047
MinimumVisualStudioVersion = 10.0.40219.1
Project("{FAE04EC0-301F-11D3-BF4B-00C04F79EFBC}") = "ModResConverter", "ModResConverter\ModResConverter.csproj", "{5514CCBA-066B-4E86-9F6D-6099D8AE4403}"
EndProject
Global
	GlobalSection(SolutionConfigurationPlatforms) = preSolution
		Debug|Any CPU = Debug|Any CPU
		Release|Any CPU = Release|Any CPU
	EndGlobalSection
	GlobalSection(ProjectConfigurationPlatforms) = postSolution
		{5514CCBA-066B-4E86-9F6D-6099D8AE4403}.Debug|Any CPU.ActiveCfg = Debug|Any CPU
		{5514CCBA-066B-4E86-9F6D-6099D8AE4403}.Debug|Any CPU.Build.0 = Debug|Any CPU
		{5514CCBA-066B-4E86-9F6D-6099D8AE4403}.Release|Any CPU.ActiveCfg = Release|Any CPU
		{5514CCBA-066B-4E86-9F6D-6099D8AE4403}.Release|Any CPU.Build.0 = Release|Any CPU
	EndGlobalSection
	GlobalSection(SolutionProperties) = preSolution
		HideSolutionNode = FALSE
	EndGlobalSection
	GlobalSection(ExtensibilityGlobals) = postSolution
		SolutionGuid = {800A2D02-6CAD-4485-B421-2AF6F1E0558B}
	EndGlobalSection
EndGlobal
